
Microsoft Visual Studio Solution File, Format Version 12.00
# Visual Studio Version 17
VisualStudioVersion = 17.8.34525.116
MinimumVisualStudioVersion = 10.0.40219.1
Project("{FAE04EC0-301F-11D3-BF4B-00C04F79EFBC}") = "Cubo", "Cubo.csproj", "{F7292561-B21A-482F-B190-8690F01EC86A}"
EndProject
Global
	GlobalSection(SolutionConfigurationPlatforms) = preSolution
		Debug|Any CPU = Debug|Any CPU
		Release|Any CPU = Release|Any CPU
	EndGlobalSection
	GlobalSection(ProjectConfigurationPlatforms) = postSolution
		{F7292561-B21A-482F-B190-8690F01EC86A}.Debug|Any CPU.ActiveCfg = Debug|Any CPU
		{F7292561-B21A-482F-B190-8690F01EC86A}.Debug|Any CPU.Build.0 = Debug|Any CPU
		{F7292561-B21A-482F-B190-8690F01EC86A}.Release|Any CPU.ActiveCfg = Release|Any CPU
		{F7292561-B21A-482F-B190-8690F01EC86A}.Release|Any CPU.Build.0 = Release|Any CPU
	EndGlobalSection
	GlobalSection(SolutionProperties) = preSolution
		HideSolutionNode = FALSE
	EndGlobalSection
	GlobalSection(ExtensibilityGlobals) = postSolution
		SolutionGuid = {48B7837E-8A58-4275-AA98-89D9734BB428}
	EndGlobalSection
EndGlobal
